
Microsoft Visual Studio Solution File, Format Version 12.00
# Visual Studio Version 17
VisualStudioVersion = 17.7.34302.85
MinimumVisualStudioVersion = 10.0.40219.1
Project("{FAE04EC0-301F-11D3-BF4B-00C04F79EFBC}") = "Labb2Bilar", "Labb2Bilar.csproj", "{9CE47387-8E44-4133-BD4E-03B2C9AC46A3}"
EndProject
Global
	GlobalSection(SolutionConfigurationPlatforms) = preSolution
		Debug|Any CPU = Debug|Any CPU
		Release|Any CPU = Release|Any CPU
	EndGlobalSection
	GlobalSection(ProjectConfigurationPlatforms) = postSolution
		{9CE47387-8E44-4133-BD4E-03B2C9AC46A3}.Debug|Any CPU.ActiveCfg = Debug|Any CPU
		{9CE47387-8E44-4133-BD4E-03B2C9AC46A3}.Debug|Any CPU.Build.0 = Debug|Any CPU
		{9CE47387-8E44-4133-BD4E-03B2C9AC46A3}.Release|Any CPU.ActiveCfg = Release|Any CPU
		{9CE47387-8E44-4133-BD4E-03B2C9AC46A3}.Release|Any CPU.Build.0 = Release|Any CPU
	EndGlobalSection
	GlobalSection(SolutionProperties) = preSolution
		HideSolutionNode = FALSE
	EndGlobalSection
	GlobalSection(ExtensibilityGlobals) = postSolution
		SolutionGuid = {DDD207E6-D474-4F82-8CA7-F1972921084A}
	EndGlobalSection
EndGlobal
